version = 1
revision = 3
requires-python = ">=3.12"

[[package]]
name = "anyio"
version = "4.12.0"
source = { registry = "https://pypi.org/simple" }
dependencies = [
    { name = "idna" },
    { name = "typing-extensions", marker = "python_full_version < '3.13'" },
]
sdist = { url = "https://files.pythonhosted.org/packages/16/ce/8a777047513153587e5434fd752e89334ac33e379aa3497db860eeb60377/anyio-4.12.0.tar.gz", hash = "sha256:73c693b567b0c55130c104d0b43a9baf3aa6a31fc6110116509f27bf75e21ec0", size = 228266, upload-time = "2025-11-28T23:37:38.911Z" }
wheels = [
    { url = "https://files.pythonhosted.org/packages/7f/9c/36c5c37947ebfb8c7f22e0eb6e4d188ee2d53aa3880f3f2744fb894f0cb1/anyio-4.12.0-py3-none-any.whl", hash = "sha256:dad2376a628f98eeca4881fc56cd06affd18f659b17a747d3ff0307ced94b1bb", size = 113362, upload-time = "2025-11-28T23:36:57.897Z" },
]

[[package]]
name = "certifi"
version = "2025.11.12"
source = { registry = "https://pypi.org/simple" }
sdist = { url = "https://files.pythonhosted.org/packages/a2/8c/58f469717fa48465e4a50c014a0400602d3c437d7c0c468e17ada824da3a/certifi-2025.11.12.tar.gz", hash = "sha256:d8ab5478f2ecd78af242878415affce761ca6bc54a22a27e026d7c25357c3316", size = 160538, upload-time = "2025-11-12T02:54:51.517Z" }
wheels = [
    { url = "https://files.pythonhosted.org/packages/70/7d/9bc192684cea499815ff478dfcdc13835ddf401365057044fb721ec6bddb/certifi-2025.11.12-py3-none-any.whl", hash = "sha256:97de8790030bbd5c2d96b7ec782fc2f7820ef8dba6db909ccf95449f2d062d4b", size = 159438, upload-time = "2025-11-12T02:54:49.735Z" },
]

[[package]]
name = "colorama"
version = "0.4.6"
source = { registry = "https://pypi.org/simple" }
sdist = { url = "https://files.pythonhosted.org/packages/d8/53/6f443c9a4a8358a93a6792e2acffb9d9d5cb0a5cfd8802644b7b1c9a02e4/colorama-0.4.6.tar.gz", hash = "sha256:08695f5cb7ed6e0531a20572697297273c47b8cae5a63ffc6d6ed5c201be6e44", size = 27697, upload-time = "2022-10-25T02:36:22.414Z" }
wheels = [
    { url = "https://files.pythonhosted.org/packages/d1/d6/3965ed04c63042e047cb6a3e6ed1a63a35087b6a609aa3a15ed8ac56c221/colorama-0.4.6-py2.py3-none-any.whl", hash = "sha256:4f1d9991f5acc0ca119f9d443620b77f9d6b33703e51011c16baf57afb285fc6", size = 25335, upload-time = "2022-10-25T02:36:20.889Z" },
]

[[package]]
name = "duckdb"
version = "1.4.2"
source = { registry = "https://pypi.org/simple" }
sdist = { url = "https://files.pythonhosted.org/packages/81/99/ac6c105118751cc3ccae980b12e44847273f3402e647ec3197aff2251e23/duckdb-1.4.2.tar.gz", hash = "sha256:df81acee3b15ecb2c72eb8f8579fb5922f6f56c71f5c8892ea3bc6fab39aa2c4", size = 18469786, upload-time = "2025-11-12T13:18:04.203Z" }
wheels = [
    { url = "https://files.pythonhosted.org/packages/c9/29/2f68c57e7c4242fedbf4b3fdc24fce2ffcf60640c936621d8a645593a161/duckdb-1.4.2-cp312-cp312-macosx_10_13_universal2.whl", hash = "sha256:9356fe17af2711e0a5ace4b20a0373e03163545fd7516e0c3c40428f44597052", size = 29015814, upload-time = "2025-11-12T13:16:59.329Z" },
    { url = "https://files.pythonhosted.org/packages/34/b7/030cc278a4ae788800a833b2901b9a7da7a6993121053c4155c359328531/duckdb-1.4.2-cp312-cp312-macosx_10_13_x86_64.whl", hash = "sha256:946a8374c0252db3fa41165ab9952b48adc8de06561a6b5fd62025ac700e492f", size = 15403892, upload-time = "2025-11-12T13:17:02.141Z" },
    { url = "https://files.pythonhosted.org/packages/f7/a2/67f4798a7a29bd0813f8a1e94a83e857e57f5d1ba14cf3edc5551aad0095/duckdb-1.4.2-cp312-cp312-macosx_11_0_arm64.whl", hash = "sha256:389fa9abe4ca37d091332a2f8c3ebd713f18e87dc4cb5e8efd3e5aa8ddf8885f", size = 13733622, upload-time = "2025-11-12T13:17:04.502Z" },
    { url = "https://files.pythonhosted.org/packages/6e/ac/d0d0e3feae9663334b2336f15785d280b54a56c3ffa10334e20a51a87ecd/duckdb-1.4.2-cp312-cp312-manylinux_2_26_aarch64.manylinux_2_28_aarch64.whl", hash = "sha256:7be8c0c40f2264b91500b89c688f743e1c7764966e988f680b1f19416b00052e", size = 18470220, upload-time = "2025-11-12T13:17:07.049Z" },
    { url = "https://files.pythonhosted.org/packages/a5/52/7570a50430cbffc8bd702443ac28a446b0fa4f77747a3821d4b37a852b15/duckdb-1.4.2-cp312-cp312-manylinux_2_26_x86_64.manylinux_2_28_x86_64.whl", hash = "sha256:c6a21732dd52a76f1e61484c06d65800b18f57fe29e8102a7466c201a2221604", size = 20481138, upload-time = "2025-11-12T13:17:09.459Z" },
    { url = "https://files.pythonhosted.org/packages/95/5e/be05f46a290ea27630c112ff9e01fd01f585e599967fc52fe2edc7bc2039/duckdb-1.4.2-cp312-cp312-win_amd64.whl", hash = "sha256:769440f4507c20542ae2e5b87f6c6c6d3f148c0aa8f912528f6c97e9aedf6a21", size = 12330737, upload-time = "2025-11-12T13:17:12.02Z" },
    { url = "https://files.pythonhosted.org/packages/70/c4/5054dbe79cf570b0c97db0c2eba7eb541cc561037360479059a3b57e4a32/duckdb-1.4.2-cp313-cp313-macosx_10_13_universal2.whl", hash = "sha256:de646227fc2c53101ac84e86e444e7561aa077387aca8b37052f3803ee690a17", size = 29015784, upload-time = "2025-11-12T13:17:14.409Z" },
    { url = "https://files.pythonhosted.org/packages/2c/b8/97f4f07d9459f5d262751cccfb2f4256debb8fe5ca92370cebe21aab1ee2/duckdb-1.4.2-cp313-cp313-macosx_10_13_x86_64.whl", hash = "sha256:f1fac31babda2045d4cdefe6d0fd2ebdd8d4c2a333fbcc11607cfeaec202d18d", size = 15403788, upload-time = "2025-11-12T13:17:16.864Z" },
    { url = "https://files.pythonhosted.org/packages/a4/ea/112f33ace03682bafd4aaf0a3336da689b9834663e7032b3d678fd2902c9/duckdb-1.4.2-cp313-cp313-macosx_11_0_arm64.whl", hash = "sha256:43ac632f40ab1aede9b4ce3c09ea043f26f3db97b83c07c632c84ebd7f7c0f4a", size = 13733603, upload-time = "2025-11-12T13:17:20.884Z" },
    { url = "https://files.pythonhosted.org/packages/34/83/8d6f845a9a946e8b47b6253b9edb084c45670763e815feed6cfefc957e89/duckdb-1.4.2-cp313-cp313-manylinux_2_26_aarch64.manylinux_2_28_aarch64.whl", hash = "sha256:77db030b48321bf785767b7b1800bf657dd2584f6df0a77e05201ecd22017da2", size = 18473725, upload-time = "2025-11-12T13:17:23.074Z" },
    { url = "https://files.pythonhosted.org/packages/82/29/153d1b4fc14c68e6766d7712d35a7ab6272a801c52160126ac7df681f758/duckdb-1.4.2-cp313-cp313-manylinux_2_26_x86_64.manylinux_2_28_x86_64.whl", hash = "sha256:a456adbc3459c9dcd99052fad20bd5f8ef642be5b04d09590376b2eb3eb84f5c", size = 20481971, upload-time = "2025-11-12T13:17:26.703Z" },
    { url = "https://files.pythonhosted.org/packages/58/b7/8d3a58b5ebfb9e79ed4030a0f2fbd7e404c52602e977b1e7ab51651816c7/duckdb-1.4.2-cp313-cp313-win_amd64.whl", hash = "sha256:2f7c61617d2b1da3da5d7e215be616ad45aa3221c4b9e2c4d1c28ed09bc3c1c4", size = 12330535, upload-time = "2025-11-12T13:17:29.175Z" },
    { url = "https://files.pythonhosted.org/packages/25/46/0f316e4d0d6bada350b9da06691a2537c329c8948c78e8b5e0c4874bc5e2/duckdb-1.4.2-cp314-cp314-macosx_10_15_universal2.whl", hash = "sha256:422be8c6bdc98366c97f464b204b81b892bf962abeae6b0184104b8233da4f19", size = 29028616, upload-time = "2025-11-12T13:17:31.599Z" },
    { url = "https://files.pythonhosted.org/packages/82/ab/e04a8f97865251b544aee9501088d4f0cb8e8b37339bd465c0d33857d411/duckdb-1.4.2-cp314-cp314-macosx_10_15_x86_64.whl", hash = "sha256:459b1855bd06a226a2838da4f14c8863fd87a62e63d414a7f7f682a7c616511a", size = 15410382, upload-time = "2025-11-12T13:17:34.14Z" },
    { url = "https://files.pythonhosted.org/packages/47/ec/b8229517c2f9fe88a38bb1a172a2da4d0ff34996d319d74554fda80b6358/duckdb-1.4.2-cp314-cp314-macosx_11_0_arm64.whl", hash = "sha256:20c45b4ead1ea4d23a1be1cd4f1dfc635e58b55f0dd11e38781369be6c549903", size = 13737588, upload-time = "2025-11-12T13:17:36.515Z" },
    { url = "https://files.pythonhosted.org/packages/f2/9a/63d26da9011890a5b893e0c21845c0c0b43c634bf263af3bbca64be0db76/duckdb-1.4.2-cp314-cp314-manylinux_2_26_aarch64.manylinux_2_28_aarch64.whl", hash = "sha256:2e552451054534970dc999e69ca5ae5c606458548c43fb66d772117760485096", size = 18477886, upload-time = "2025-11-12T13:17:39.136Z" },
    { url = "https://files.pythonhosted.org/packages/23/35/b1fae4c5245697837f6f63e407fa81e7ccc7948f6ef2b124cd38736f4d1d/duckdb-1.4.2-cp314-cp314-manylinux_2_26_x86_64.manylinux_2_28_x86_64.whl", hash = "sha256:128c97dab574a438d7c8d020670b21c68792267d88e65a7773667b556541fa9b", size = 20483292, upload-time = "2025-11-12T13:17:41.501Z" },
    { url = "https://files.pythonhosted.org/packages/25/5e/6f5ebaabc12c6db62f471f86b5c9c8debd57f11aa1b2acbbcc4c68683238/duckdb-1.4.2-cp314-cp314-win_amd64.whl", hash = "sha256:dfcc56a83420c0dec0b83e97a6b33addac1b7554b8828894f9d203955591218c", size = 12830520, upload-time = "2025-11-12T13:17:43.93Z" },
]

[[package]]
name = "h11"
version = "0.16.0"
source = { registry = "https://pypi.org/simple" }
sdist = { url = "https://files.pythonhosted.org/packages/01/ee/02a2c011bdab74c6fb3c75474d40b3052059d95df7e73351460c8588d963/h11-0.16.0.tar.gz", hash = "sha256:4e35b956cf45792e4caa5885e69fba00bdbc6ffafbfa020300e549b208ee5ff1", size = 101250, upload-time = "2025-04-24T03:35:25.427Z" }
wheels = [
    { url = "https://files.pythonhosted.org/packages/04/4b/29cac41a4d98d144bf5f6d33995617b185d14b22401f75ca86f384e87ff1/h11-0.16.0-py3-none-any.whl", hash = "sha256:63cf8bbe7522de3bf65932fda1d9c2772064ffb3dae62d55932da54b31cb6c86", size = 37515, upload-time = "2025-04-24T03:35:24.344Z" },
]

[[package]]
name = "httpcore"
version = "1.0.9"
source = { registry = "https://pypi.org/simple" }
dependencies = [
    { name = "certifi" },
    { name = "h11" },
]
sdist = { url = "https://files.pythonhosted.org/packages/06/94/82699a10bca87a5556c9c59b5963f2d039dbd239f25bc2a63907a05a14cb/httpcore-1.0.9.tar.gz", hash = "sha256:6e34463af53fd2ab5d807f399a9b45ea31c3dfa2276f15a2c3f00afff6e176e8", size = 85484, upload-time = "2025-04-24T22:06:22.219Z" }
wheels = [
    { url = "https://files.pythonhosted.org/packages/7e/f5/f66802a942d491edb555dd61e3a9961140fd64c90bce1eafd741609d334d/httpcore-1.0.9-py3-none-any.whl", hash = "sha256:2d400746a40668fc9dec9810239072b40b4484b640a8c38fd654a024c7a1bf55", size = 78784, upload-time = "2025-04-24T22:06:20.566Z" },
]

[[package]]
name = "httpx"
version = "0.28.1"
source = { registry = "https://pypi.org/simple" }
dependencies = [
    { name = "anyio" },
    { name = "certifi" },
    { name = "httpcore" },
    { name = "idna" },
]
sdist = { url = "https://files.pythonhosted.org/packages/b1/df/48c586a5fe32a0f01324ee087459e112ebb7224f646c0b5023f5e79e9956/httpx-0.28.1.tar.gz", hash = "sha256:75e98c5f16b0f35b567856f597f06ff2270a374470a5c2392242528e3e3e42fc", size = 141406, upload-time = "2024-12-06T15:37:23.222Z" }
wheels = [
    { url = "https://files.pythonhosted.org/packages/2a/39/e50c7c3a983047577ee07d2a9e53faf5a69493943ec3f6a384bdc792deb2/httpx-0.28.1-py3-none-any.whl", hash = "sha256:d909fcccc110f8c7faf814ca82a9a4d816bc5a6dbfea25d6591d6985b8ba59ad", size = 73517, upload-time = "2024-12-06T15:37:21.509Z" },
]

[[package]]
name = "idna"
version = "3.11"
source = { registry = "https://pypi.org/simple" }
sdist = { url = "https://files.pythonhosted.org/packages/6f/6d/0703ccc57f3a7233505399edb88de3cbd678da106337b9fcde432b65ed60/idna-3.11.tar.gz", hash = "sha256:795dafcc9c04ed0c1fb032c2aa73654d8e8c5023a7df64a53f39190ada629902", size = 194582, upload-time = "2025-10-12T14:55:20.501Z" }
wheels = [
    { url = "https://files.pythonhosted.org/packages/0e/61/66938bbb5fc52dbdf84594873d5b51fb1f7c7794e9c0f5bd885f30bc507b/idna-3.11-py3-none-any.whl", hash = "sha256:771a87f49d9defaf64091e6e6fe9c18d4833f140bd19464795bc32d966ca37ea", size = 71008, upload-time = "2025-10-12T14:55:18.883Z" },
]

[[package]]
name = "iniconfig"
version = "2.3.0"
source = { registry = "https://pypi.org/simple" }
sdist = { url = "https://files.pythonhosted.org/packages/72/34/14ca021ce8e5dfedc35312d08ba8bf51fdd999c576889fc2c24cb97f4f10/iniconfig-2.3.0.tar.gz", hash = "sha256:c76315c77db068650d49c5b56314774a7804df16fee4402c1f19d6d15d8c4730", size = 20503, upload-time = "2025-10-18T21:55:43.219Z" }
wheels = [
    { url = "https://files.pythonhosted.org/packages/cb/b1/3846dd7f199d53cb17f49cba7e651e9ce294d8497c8c150530ed11865bb8/iniconfig-2.3.0-py3-none-any.whl", hash = "sha256:f631c04d2c48c52b84d0d0549c99ff3859c98df65b3101406327ecc7d53fbf12", size = 7484, upload-time = "2025-10-18T21:55:41.639Z" },
]

[[package]]
name = "packaging"
version = "25.0"
source = { registry = "https://pypi.org/simple" }
sdist = { url = "https://files.pythonhosted.org/packages/a1/d4/1fc4078c65507b51b96ca8f8c3ba19e6a61c8253c72794544580a7b6c24d/packaging-25.0.tar.gz", hash = "sha256:d443872c98d677bf60f6a1f2f8c1cb748e8fe762d2bf9d3148b5599295b0fc4f", size = 165727, upload-time = "2025-04-19T11:48:59.673Z" }
wheels = [
    { url = "https://files.pythonhosted.org/packages/20/12/38679034af332785aac8774540895e234f4d07f7545804097de4b666afd8/packaging-25.0-py3-none-any.whl", hash = "sha256:29572ef2b1f17581046b3a2227d5c611fb25ec70ca1ba8554b24b0e69331a484", size = 66469, upload-time = "2025-04-19T11:48:57.875Z" },
]

[[package]]
name = "pluggy"
version = "1.6.0"
source = { registry = "https://pypi.org/simple" }
sdist = { url = "https://files.pythonhosted.org/packages/f9/e2/3e91f31a7d2b083fe6ef3fa267035b518369d9511ffab804f839851d2779/pluggy-1.6.0.tar.gz", hash = "sha256:7dcc130b76258d33b90f61b658791dede3486c3e6bfb003ee5c9bfb396dd22f3", size = 69412, upload-time = "2025-05-15T12:30:07.975Z" }
wheels = [
    { url = "https://files.pythonhosted.org/packages/54/20/4d324d65cc6d9205fabedc306948156824eb9f0ee1633355a8f7ec5c66bf/pluggy-1.6.0-py3-none-any.whl", hash = "sha256:e920276dd6813095e9377c0bc5566d94c932c33b27a3e3945d8389c374dd4746", size = 20538, upload-time = "2025-05-15T12:30:06.134Z" },
]

[[package]]
name = "pygments"
version = "2.19.2"
source = { registry = "https://pypi.org/simple" }
sdist = { url = "https://files.pythonhosted.org/packages/b0/77/a5b8c569bf593b0140bde72ea885a803b82086995367bf2037de0159d924/pygments-2.19.2.tar.gz", hash = "sha256:636cb2477cec7f8952536970bc533bc43743542f70392ae026374600add5b887", size = 4968631, upload-time = "2025-06-21T13:39:12.283Z" }
wheels = [
    { url = "https://files.pythonhosted.org/packages/c7/21/705964c7812476f378728bdf590ca4b771ec72385c533964653c68e86bdc/pygments-2.19.2-py3-none-any.whl", hash = "sha256:86540386c03d588bb81d44bc3928634ff26449851e99741617ecb9037ee5ec0b", size = 1225217, upload-time = "2025-06-21T13:39:07.939Z" },
]

[[package]]
name = "pyjwt"
version = "2.10.1"
source = { registry = "https://pypi.org/simple" }
sdist = { url = "https://files.pythonhosted.org/packages/e7/46/bd74733ff231675599650d3e47f361794b22ef3e3770998dda30d3b63726/pyjwt-2.10.1.tar.gz", hash = "sha256:3cc5772eb20009233caf06e9d8a0577824723b44e6648ee0a2aedb6cf9381953", size = 87785, upload-time = "2024-11-28T03:43:29.933Z" }
wheels = [
    { url = "https://files.pythonhosted.org/packages/61/ad/689f02752eeec26aed679477e80e632ef1b682313be70793d798c1d5fc8f/PyJWT-2.10.1-py3-none-any.whl", hash = "sha256:dcdd193e30abefd5debf142f9adfcdd2b58004e644f25406ffaebd50bd98dacb", size = 22997, upload-time = "2024-11-28T03:43:27.893Z" },
]

[[package]]
name = "pytest"
version = "9.0.1"
source = { registry = "https://pypi.org/simple" }
dependencies = [
    { name = "colorama", marker = "sys_platform == 'win32'" },
    { name = "iniconfig" },
    { name = "packaging" },
    { name = "pluggy" },
    { name = "pygments" },
]
sdist = { url = "https://files.pythonhosted.org/packages/07/56/f013048ac4bc4c1d9be45afd4ab209ea62822fb1598f40687e6bf45dcea4/pytest-9.0.1.tar.gz", hash = "sha256:3e9c069ea73583e255c3b21cf46b8d3c56f6e3a1a8f6da94ccb0fcf57b9d73c8", size = 1564125, upload-time = "2025-11-12T13:05:09.333Z" }
wheels = [
    { url = "https://files.pythonhosted.org/packages/0b/8b/6300fb80f858cda1c51ffa17075df5d846757081d11ab4aa35cef9e6258b/pytest-9.0.1-py3-none-any.whl", hash = "sha256:67be0030d194df2dfa7b556f2e56fb3c3315bd5c8822c6951162b92b32ce7dad", size = 373668, upload-time = "2025-11-12T13:05:07.379Z" },
]

[[package]]
name = "pytest-repeat"
version = "0.9.4"
source = { registry = "https://pypi.org/simple" }
dependencies = [
    { name = "pytest" },
]
sdist = { url = "https://files.pythonhosted.org/packages/80/d4/69e9dbb9b8266df0b157c72be32083403c412990af15c7c15f7a3fd1b142/pytest_repeat-0.9.4.tar.gz", hash = "sha256:d92ac14dfaa6ffcfe6917e5d16f0c9bc82380c135b03c2a5f412d2637f224485", size = 6488, upload-time = "2025-04-07T14:59:53.077Z" }
wheels = [
    { url = "https://files.pythonhosted.org/packages/73/d4/8b706b81b07b43081bd68a2c0359fe895b74bf664b20aca8005d2bb3be71/pytest_repeat-0.9.4-py3-none-any.whl", hash = "sha256:c1738b4e412a6f3b3b9e0b8b29fcd7a423e50f87381ad9307ef6f5a8601139f3", size = 4180, upload-time = "2025-04-07T14:59:51.492Z" },
]

[[package]]
name = "pytest-timeout"
version = "2.4.0"
source = { registry = "https://pypi.org/simple" }
dependencies = [
    { name = "pytest" },
]
sdist = { url = "https://files.pythonhosted.org/packages/ac/82/4c9ecabab13363e72d880f2fb504c5f750433b2b6f16e99f4ec21ada284c/pytest_timeout-2.4.0.tar.gz", hash = "sha256:7e68e90b01f9eff71332b25001f85c75495fc4e3a836701876183c4bcfd0540a", size = 17973, upload-time = "2025-05-05T19:44:34.99Z" }
wheels = [
    { url = "https://files.pythonhosted.org/packages/fa/b6/3127540ecdf1464a00e5a01ee60a1b09175f6913f0644ac748494d9c4b21/pytest_timeout-2.4.0-py3-none-any.whl", hash = "sha256:c42667e5cdadb151aeb5b26d114aff6bdf5a907f176a007a30b940d3d865b5c2", size = 14382, upload-time = "2025-05-05T19:44:33.502Z" },
]

[[package]]
name = "python-dotenv"
version = "1.2.1"
source = { registry = "https://pypi.org/simple" }
sdist = { url = "https://files.pythonhosted.org/packages/f0/26/19cadc79a718c5edbec86fd4919a6b6d3f681039a2f6d66d14be94e75fb9/python_dotenv-1.2.1.tar.gz", hash = "sha256:42667e897e16ab0d66954af0e60a9caa94f0fd4ecf3aaf6d2d260eec1aa36ad6", size = 44221, upload-time = "2025-10-26T15:12:10.434Z" }
wheels = [
    { url = "https://files.pythonhosted.org/packages/14/1b/a298b06749107c305e1fe0f814c6c74aea7b2f1e10989cb30f544a1b3253/python_dotenv-1.2.1-py3-none-any.whl", hash = "sha256:b81ee9561e9ca4004139c6cbba3a238c32b03e4894671e181b671e8cb8425d61", size = 21230, upload-time = "2025-10-26T15:12:09.109Z" },
]

[[package]]
name = "ruff"
version = "0.14.8"
source = { registry = "https://pypi.org/simple" }
sdist = { url = "https://files.pythonhosted.org/packages/ed/d9/f7a0c4b3a2bf2556cd5d99b05372c29980249ef71e8e32669ba77428c82c/ruff-0.14.8.tar.gz", hash = "sha256:774ed0dd87d6ce925e3b8496feb3a00ac564bea52b9feb551ecd17e0a23d1eed", size = 5765385, upload-time = "2025-12-04T15:06:17.669Z" }
wheels = [
    { url = "https://files.pythonhosted.org/packages/48/b8/9537b52010134b1d2b72870cc3f92d5fb759394094741b09ceccae183fbe/ruff-0.14.8-py3-none-linux_armv6l.whl", hash = "sha256:ec071e9c82eca417f6111fd39f7043acb53cd3fde9b1f95bbed745962e345afb", size = 13441540, upload-time = "2025-12-04T15:06:14.896Z" },
    { url = "https://files.pythonhosted.org/packages/24/00/99031684efb025829713682012b6dd37279b1f695ed1b01725f85fd94b38/ruff-0.14.8-py3-none-macosx_10_12_x86_64.whl", hash = "sha256:8cdb162a7159f4ca36ce980a18c43d8f036966e7f73f866ac8f493b75e0c27e9", size = 13669384, upload-time = "2025-12-04T15:06:51.809Z" },
    { url = "https://files.pythonhosted.org/packages/72/64/3eb5949169fc19c50c04f28ece2c189d3b6edd57e5b533649dae6ca484fe/ruff-0.14.8-py3-none-macosx_11_0_arm64.whl", hash = "sha256:2e2fcbefe91f9fad0916850edf0854530c15bd1926b6b779de47e9ab619ea38f", size = 12806917, upload-time = "2025-12-04T15:06:08.925Z" },
    { url = "https://files.pythonhosted.org/packages/c4/08/5250babb0b1b11910f470370ec0cbc67470231f7cdc033cee57d4976f941/ruff-0.14.8-py3-none-manylinux_2_17_aarch64.manylinux2014_aarch64.whl", hash = "sha256:a9d70721066a296f45786ec31916dc287b44040f553da21564de0ab4d45a869b", size = 13256112, upload-time = "2025-12-04T15:06:23.498Z" },
    { url = "https://files.pythonhosted.org/packages/78/4c/6c588e97a8e8c2d4b522c31a579e1df2b4d003eddfbe23d1f262b1a431ff/ruff-0.14.8-py3-none-manylinux_2_17_armv7l.manylinux2014_armv7l.whl", hash = "sha256:2c87e09b3cd9d126fc67a9ecd3b5b1d3ded2b9c7fce3f16e315346b9d05cfb52", size = 13227559, upload-time = "2025-12-04T15:06:33.432Z" },
    { url = "https://files.pythonhosted.org/packages/23/ce/5f78cea13eda8eceac71b5f6fa6e9223df9b87bb2c1891c166d1f0dce9f1/ruff-0.14.8-py3-none-manylinux_2_17_i686.manylinux2014_i686.whl", hash = "sha256:1d62cb310c4fbcb9ee4ac023fe17f984ae1e12b8a4a02e3d21489f9a2a5f730c", size = 13896379, upload-time = "2025-12-04T15:06:02.687Z" },
    { url = "https://files.pythonhosted.org/packages/cf/79/13de4517c4dadce9218a20035b21212a4c180e009507731f0d3b3f5df85a/ruff-0.14.8-py3-none-manylinux_2_17_ppc64.manylinux2014_ppc64.whl", hash = "sha256:1af35c2d62633d4da0521178e8a2641c636d2a7153da0bac1b30cfd4ccd91344", size = 15372786, upload-time = "2025-12-04T15:06:29.828Z" },
    { url = "https://files.pythonhosted.org/packages/00/06/33df72b3bb42be8a1c3815fd4fae83fa2945fc725a25d87ba3e42d1cc108/ruff-0.14.8-py3-none-manylinux_2_17_ppc64le.manylinux2014_ppc64le.whl", hash = "sha256:25add4575ffecc53d60eed3f24b1e934493631b48ebbc6ebaf9d8517924aca4b", size = 14990029, upload-time = "2025-12-04T15:06:36.812Z" },
    { url = "https://files.pythonhosted.org/packages/64/61/0f34927bd90925880394de0e081ce1afab66d7b3525336f5771dcf0cb46c/ruff-0.14.8-py3-none-manylinux_2_17_s390x.manylinux2014_s390x.whl", hash = "sha256:4c943d847b7f02f7db4201a0600ea7d244d8a404fbb639b439e987edcf2baf9a", size = 14407037, upload-time = "2025-12-04T15:06:39.979Z" },
    { url = "https://files.pythonhosted.org/packages/96/bc/058fe0aefc0fbf0d19614cb6d1a3e2c048f7dc77ca64957f33b12cfdc5ef/ruff-0.14.8-py3-none-manylinux_2_17_x86_64.manylinux2014_x86_64.whl", hash = "sha256:cb6e8bf7b4f627548daa1b69283dac5a296bfe9ce856703b03130732e20ddfe2", size = 14102390, upload-time = "2025-12-04T15:06:46.372Z" },
    { url = "https://files.pythonhosted.org/packages/af/a4/e4f77b02b804546f4c17e8b37a524c27012dd6ff05855d2243b49a7d3cb9/ruff-0.14.8-py3-none-manylinux_2_31_riscv64.whl", hash = "sha256:7aaf2974f378e6b01d1e257c6948207aec6a9b5ba53fab23d0182efb887a0e4a", size = 14230793, upload-time = "2025-12-04T15:06:20.497Z" },
    { url = "https://files.pythonhosted.org/packages/3f/52/bb8c02373f79552e8d087cedaffad76b8892033d2876c2498a2582f09dcf/ruff-0.14.8-py3-none-musllinux_1_2_aarch64.whl", hash = "sha256:e5758ca513c43ad8a4ef13f0f081f80f08008f410790f3611a21a92421ab045b", size = 13160039, upload-time = "2025-12-04T15:06:49.06Z" },
    { url = "https://files.pythonhosted.org/packages/1f/ad/b69d6962e477842e25c0b11622548df746290cc6d76f9e0f4ed7456c2c31/ruff-0.14.8-py3-none-musllinux_1_2_armv7l.whl", hash = "sha256:f74f7ba163b6e85a8d81a590363bf71618847e5078d90827749bfda1d88c9cdf", size = 13205158, upload-time = "2025-12-04T15:06:54.574Z" },
    { url = "https://files.pythonhosted.org/packages/06/63/54f23da1315c0b3dfc1bc03fbc34e10378918a20c0b0f086418734e57e74/ruff-0.14.8-py3-none-musllinux_1_2_i686.whl", hash = "sha256:eed28f6fafcc9591994c42254f5a5c5ca40e69a30721d2ab18bb0bb3baac3ab6", size = 13469550, upload-time = "2025-12-04T15:05:59.209Z" },
    { url = "https://files.pythonhosted.org/packages/70/7d/a4d7b1961e4903bc37fffb7ddcfaa7beb250f67d97cfd1ee1d5cddb1ec90/ruff-0.14.8-py3-none-musllinux_1_2_x86_64.whl", hash = "sha256:21d48fa744c9d1cb8d71eb0a740c4dd02751a5de9db9a730a8ef75ca34cf138e", size = 14211332, upload-time = "2025-12-04T15:06:06.027Z" },
    { url = "https://files.pythonhosted.org/packages/5d/93/2a5063341fa17054e5c86582136e9895db773e3c2ffb770dde50a09f35f0/ruff-0.14.8-py3-none-win32.whl", hash = "sha256:15f04cb45c051159baebb0f0037f404f1dc2f15a927418f29730f411a79bc4e7", size = 13151890, upload-time = "2025-12-04T15:06:11.668Z" },
    { url = "https://files.pythonhosted.org/packages/02/1c/65c61a0859c0add13a3e1cbb6024b42de587456a43006ca2d4fd3d1618fe/ruff-0.14.8-py3-none-win_amd64.whl", hash = "sha256:9eeb0b24242b5bbff3011409a739929f497f3fb5fe3b5698aba5e77e8c833097", size = 14537826, upload-time = "2025-12-04T15:06:26.409Z" },
    { url = "https://files.pythonhosted.org/packages/6d/63/8b41cea3afd7f58eb64ac9251668ee0073789a3bc9ac6f816c8c6fef986d/ruff-0.14.8-py3-none-win_arm64.whl", hash = "sha256:965a582c93c63fe715fd3e3f8aa37c4b776777203d8e1d8aa3cc0c14424a4b99", size = 13634522, upload-time = "2025-12-04T15:06:43.212Z" },
]

[[package]]
name = "ty"
version = "0.0.1a31"
source = { registry = "https://pypi.org/simple" }
sdist = { url = "https://files.pythonhosted.org/packages/30/78/daa1e70377b8127e06db63063b7dd9694cb2bb611b4e3c2182b9ec5a02a1/ty-0.0.1a31.tar.gz", hash = "sha256:b878b04af63b1e716436897838ca6a107a672539155b6fc2051268cd85da9cd6", size = 4656004, upload-time = "2025-12-04T09:01:47.147Z" }
wheels = [
    { url = "https://files.pythonhosted.org/packages/08/4c/1e91d6b22dee1435db1cdf55e54ec601497dba650684517b1cd5b4345e80/ty-0.0.1a31-py3-none-linux_armv6l.whl", hash = "sha256:662b9a3a3497da12416789e21fda9eb4e1ac66c5233867d89953916099ee44f5", size = 9620261, upload-time = "2025-12-04T09:01:35.001Z" },
    { url = "https://files.pythonhosted.org/packages/94/8f/eb6ac56cc03a00d3258c3362c4fb5a58152d03e9fa207db0465e2dc717e2/ty-0.0.1a31-py3-none-macosx_10_12_x86_64.whl", hash = "sha256:da05f73df587ff1362d487681370db47541123c005a0d1a60a5a048039e309cc", size = 9411370, upload-time = "2025-12-04T09:01:23.903Z" },
    { url = "https://files.pythonhosted.org/packages/d6/72/2cdbef5bd7ee7a58e71e67e845ae3f99dca695d0bca7561a3294fb8d723e/ty-0.0.1a31-py3-none-macosx_11_0_arm64.whl", hash = "sha256:74032bf207ce1eddc042f26aa9b6e0713373cf2c502174a53a41f9c469f02adb", size = 8925400, upload-time = "2025-12-04T09:01:59.074Z" },
    { url = "https://files.pythonhosted.org/packages/f4/4d/a10c3f2e8969e9e1efe3179d2c961236413c9765c9f95e84e8f515fb9b02/ty-0.0.1a31-py3-none-manylinux_2_17_aarch64.manylinux2014_aarch64.whl", hash = "sha256:cd383fd54872df15816a7853a8c824400c85f850916bad2052564bad8462f4f2", size = 9201615, upload-time = "2025-12-04T09:01:21.085Z" },
    { url = "https://files.pythonhosted.org/packages/47/e5/bd26f0fc432459718b72a0bb41bd222fd1fad81c1d5f645a7eba94e14be6/ty-0.0.1a31-py3-none-manylinux_2_17_armv7l.manylinux2014_armv7l.whl", hash = "sha256:c6defaf175bce7c91cea9a168a1c30bb523269ed174941cd31f8edc2d77f8ec7", size = 9401110, upload-time = "2025-12-04T09:01:32.241Z" },
    { url = "https://files.pythonhosted.org/packages/ca/63/cbb3419f74ce38c0a2affbc269d4d27ec032cfbc3b011a8db5815c89f540/ty-0.0.1a31-py3-none-manylinux_2_17_i686.manylinux2014_i686.whl", hash = "sha256:2d41f7e68f05517177ef82d89bfe0bf8e787a6b72ad396c1e44a16ef353b95e2", size = 9779837, upload-time = "2025-12-04T09:01:37.55Z" },
    { url = "https://files.pythonhosted.org/packages/69/fb/1d99243a0e005fe8d53671d4a25d5ddcf345a12fb3c683726bd597e42f23/ty-0.0.1a31-py3-none-manylinux_2_17_ppc64.manylinux2014_ppc64.whl", hash = "sha256:22f2298a0de1a8af24f50e498023770b05ea4fc0ccebb2c53deb40ff73dc76fc", size = 10444412, upload-time = "2025-12-04T09:01:56.888Z" },
    { url = "https://files.pythonhosted.org/packages/65/7f/95242feb774356b7a93beb5278cd8c8bbb6a8b12d94977ff954929ed257e/ty-0.0.1a31-py3-none-manylinux_2_17_ppc64le.manylinux2014_ppc64le.whl", hash = "sha256:38669b9aa53bd87160a2ee8447a3bf8d91dd14b7462f8aa98f1d2740b609589a", size = 10171070, upload-time = "2025-12-04T09:01:44.917Z" },
    { url = "https://files.pythonhosted.org/packages/78/fa/4d8adeb9ff7fd32efcb9ebb05d5f61cd9ad4b4030390c76cd771fb38ac33/ty-0.0.1a31-py3-none-manylinux_2_17_s390x.manylinux2014_s390x.whl", hash = "sha256:5fbc75e8e848929155b7ba0e9a222b2561222a1135bb492a9c5b9ad945c80b18", size = 10188190, upload-time = "2025-12-04T09:01:42.577Z" },
    { url = "https://files.pythonhosted.org/packages/f6/40/295903716cc2e4fdb88d8cf8b974f0936e6c021f35d5a7f78b769c746bcc/ty-0.0.1a31-py3-none-manylinux_2_17_x86_64.manylinux2014_x86_64.whl", hash = "sha256:915c0639dfb73f5f19cd69bbe89036ef18b8066ba88ce38d3e3cc0f39b32f99a", size = 9713419, upload-time = "2025-12-04T09:01:26.633Z" },
    { url = "https://files.pythonhosted.org/packages/f0/93/b622782ce78f0cbacf167c617b41f45e76de02e3d5d5898fc78ad7a47de7/ty-0.0.1a31-py3-none-musllinux_1_2_aarch64.whl", hash = "sha256:28d23f4e58e9b08fc8966ad8dac754b4cd5ccafed711e2a32a62f3d2cb6f44cb", size = 9170660, upload-time = "2025-12-04T09:02:01.556Z" },
    { url = "https://files.pythonhosted.org/packages/d9/5d/2a04dfd412c87d1da220260a5cf8444d36fa356d1f993ee1db5ad820df93/ty-0.0.1a31-py3-none-musllinux_1_2_armv7l.whl", hash = "sha256:cb2ebbc8065f4dd09e4b82f492becc55cad39068e842f82bfa1c9f7b9864b034", size = 9443773, upload-time = "2025-12-04T09:01:39.958Z" },
    { url = "https://files.pythonhosted.org/packages/1f/5e/18c0123b8dcd6a7e7f4a35d3eed127c6c0140377f5986df6bd01c9df5eb1/ty-0.0.1a31-py3-none-musllinux_1_2_i686.whl", hash = "sha256:966984a8a0e4f99d133e9b73bc778d4861b58467bdb85950805d67ff90e73e3e", size = 9532255, upload-time = "2025-12-04T09:01:29.243Z" },
    { url = "https://files.pythonhosted.org/packages/8a/c0/2570e4f891f33c3f9160f052d3759e9c7a3dee29bac5b93ad1f29ed42526/ty-0.0.1a31-py3-none-musllinux_1_2_x86_64.whl", hash = "sha256:bc4fe23fddaa78c0b11637a1eff152b95988960e5d240d282b41f827d13b28f0", size = 9837753, upload-time = "2025-12-04T09:02:04.361Z" },
    { url = "https://files.pythonhosted.org/packages/58/ad/6a231c11b95d3aa3f54824edfb7ab13ae13eea405bbcc6c80090551bd1b2/ty-0.0.1a31-py3-none-win32.whl", hash = "sha256:f82f4e051c40033ca9f10cffafc346fd86ea6541e786c2b1fcffa08c661efbaa", size = 9011568, upload-time = "2025-12-04T09:01:54.033Z" },
    { url = "https://files.pythonhosted.org/packages/f7/8b/c07438de84e3e9cbecedd2e8895dc25ca1b110847dd95b5e9f50124eb8d5/ty-0.0.1a31-py3-none-win_amd64.whl", hash = "sha256:12fae6138c4cbd143fe4b5c616056535353a2d0821062d8750132d3ea022fa8f", size = 9880831, upload-time = "2025-12-04T09:01:18.284Z" },
    { url = "https://files.pythonhosted.org/packages/a3/9c/ad589282e76e185eb54c3ce212182f7a28547ed20a5a08b51f9684dc2849/ty-0.0.1a31-py3-none-win_arm64.whl", hash = "sha256:4cc339de4dd4b8dd7167cfd1f826a25e303b3dec27da74596a0ce3ed83bcd293", size = 9380327, upload-time = "2025-12-04T09:01:49.651Z" },
]

[[package]]
name = "typing-extensions"
version = "4.15.0"
source = { registry = "https://pypi.org/simple" }
sdist = { url = "https://files.pythonhosted.org/packages/72/94/1a15dd82efb362ac84269196e94cf00f187f7ed21c242792a923cdb1c61f/typing_extensions-4.15.0.tar.gz", hash = "sha256:0cea48d173cc12fa28ecabc3b837ea3cf6f38c6d1136f85cbaaf598984861466", size = 109391, upload-time = "2025-08-25T13:49:26.313Z" }
wheels = [
    { url = "https://files.pythonhosted.org/packages/18/67/36e9267722cc04a6b9f15c7f3441c2363321a3ea07da7ae0c0707beb2a9c/typing_extensions-4.15.0-py3-none-any.whl", hash = "sha256:f0fa19c6845758ab08074a0cfa8b7aecb71c999ca73d62883bc25cc018c4e548", size = 44614, upload-time = "2025-08-25T13:49:24.86Z" },
]

[[package]]
name = "zakuro-py"
source = { virtual = "." }

[package.dev-dependencies]
dev = [
    { name = "duckdb" },
    { name = "httpx" },
    { name = "pyjwt" },
    { name = "pytest" },
    { name = "pytest-repeat" },
    { name = "pytest-timeout" },
    { name = "python-dotenv" },
    { name = "ruff" },
    { name = "ty" },
]
lint = [
    { name = "ruff" },
    { name = "ty" },
]
test = [
    { name = "duckdb" },
    { name = "httpx" },
    { name = "pyjwt" },
    { name = "pytest" },
    { name = "pytest-repeat" },
    { name = "pytest-timeout" },
    { name = "python-dotenv" },
]

[package.metadata]

[package.metadata.requires-dev]
dev = [
    { name = "duckdb" },
    { name = "httpx" },
    { name = "pyjwt" },
    { name = "pytest" },
    { name = "pytest-repeat" },
    { name = "pytest-timeout" },
    { name = "python-dotenv" },
    { name = "ruff" },
    { name = "ty" },
]
lint = [
    { name = "ruff" },
    { name = "ty" },
]
test = [
    { name = "duckdb" },
    { name = "httpx" },
    { name = "pyjwt" },
    { name = "pytest" },
    { name = "pytest-repeat" },
    { name = "pytest-timeout" },
    { name = "python-dotenv" },
]
